github.com/Patch2PDF/GDTF-Mesh-Reader v1.1.1 h1:yPk/a1vdq5AwzRIEh82AOz44F/DDXVJL4CO48gGiPjg=
github.com/Patch2PDF/GDTF-Mesh-Reader v1.1.1/go.mod h1:4Uipj5UA1HhD3v032aSnEFlpItN80UY5zKB15mIeVwQ=
github.com/Patch2PDF/GDTF-Parser v0.2.0 h1:DMC4CHsSgi11Czu6ynub+RGdHNAV2zpCgTkHp1vjAG0=
github.com/Patch2PDF/GDTF-Parser v0.2.0/go.mod h1:kv0zDACUKWzixjjR8ZAeVyO+9jzig7zcTE10YTRBJPU=
github.com/go-test/deep v1.0.1 h1:UQhStjbkDClarlmv0am7OXXO4/GaPdCGiUiMTvi28sg=
github.com/go-test/deep v1.0.1/go.mod h1:wGDj63lr65AM2AQyKZd/NYHGb0R+1RLqB8NKt3aSFNA=
github.com/qmuntal/gltf v0.28.0 h1:C4A1temWMPtcI2+qNfpfRq8FEJxoBGUN3ZZM8BCc+xU=
github.com/qmuntal/gltf v0.28.0/go.mod h1:YoXZOt0Nc0kIfSKOLZIRoV4FycdC+GzE+3JgiAGYoMs=
golang.org/x/sync v0.18.0 h1:kr88TuHDroi+UVf+0hZnirlk8o8T+4MrK6mr60WkH/I=
golang.org/x/sync v0.18.0/go.mod h1:9KTHXmSnoGruLpwFjVSX0lNNA75CykiMECbovNTZqGI=
